// !$*UTF8*$!
{
	archiveVersion = 1;
	classes = {
	};
	objectVersion = 56;
	objects = {

/* Begin PBXBuildFile section */
		043AEA1A2B67773A0064578D /* matchingApp.swift in Sources */ = {isa = PBXBuildFile; fileRef = 043AEA192B67773A0064578D /* matchingApp.swift */; };
		043AEA1C2B67773A0064578D /* ContentView.swift in Sources */ = {isa = PBXBuildFile; fileRef = 043AEA1B2B67773A0064578D /* ContentView.swift */; };
		043AEA1E2B67773C0064578D /* Assets.xcassets in Resources */ = {isa = PBXBuildFile; fileRef = 043AEA1D2B67773C0064578D /* Assets.xcassets */; };
		043AEA212B67773C0064578D /* Preview Assets.xcassets in Resources */ = {isa = PBXBuildFile; fileRef = 043AEA202B67773C0064578D /* Preview Assets.xcassets */; };
		043AEA2F2B6777FE0064578D /* Sniglet-ExtraBold.ttf in Resources */ = {isa = PBXBuildFile; fileRef = 043AEA2D2B6777FE0064578D /* Sniglet-ExtraBold.ttf */; };
		043AEA302B6777FE0064578D /* Sniglet-Regular.ttf in Resources */ = {isa = PBXBuildFile; fileRef = 043AEA2E2B6777FE0064578D /* Sniglet-Regular.ttf */; };
		043AEA342B67788D0064578D /* GoogleService-Info.plist in Resources */ = {isa = PBXBuildFile; fileRef = 043AEA332B67788D0064578D /* GoogleService-Info.plist */; };
		043AEA362B6779AD0064578D /* Ext+Font.swift in Sources */ = {isa = PBXBuildFile; fileRef = 043AEA352B6779AD0064578D /* Ext+Font.swift */; };
		047FBADE2B70A88E00EB5F29 /* Ext+Drag.swift in Sources */ = {isa = PBXBuildFile; fileRef = 047FBADD2B70A88E00EB5F29 /* Ext+Drag.swift */; };
		0485916C2B677CB00004A316 /* splashScreen.storyboard in Resources */ = {isa = PBXBuildFile; fileRef = 0485916B2B677CB00004A316 /* splashScreen.storyboard */; };
		0485916F2B67842D0004A316 /* HomeScreen.swift in Sources */ = {isa = PBXBuildFile; fileRef = 0485916E2B67842D0004A316 /* HomeScreen.swift */; };
		048591732B67855E0004A316 /* buttonView.swift in Sources */ = {isa = PBXBuildFile; fileRef = 048591722B67855E0004A316 /* buttonView.swift */; };
		048591752B6787210004A316 /* iconButton.swift in Sources */ = {isa = PBXBuildFile; fileRef = 048591742B6787210004A316 /* iconButton.swift */; };
		048591782B6799BC0004A316 /* FirebaseManager.swift in Sources */ = {isa = PBXBuildFile; fileRef = 048591772B6799BC0004A316 /* FirebaseManager.swift */; };
		0485917B2B679A300004A316 /* FirebaseAnalytics in Frameworks */ = {isa = PBXBuildFile; productRef = 0485917A2B679A300004A316 /* FirebaseAnalytics */; };
		0485917D2B679A300004A316 /* FirebaseAnalyticsOnDeviceConversion in Frameworks */ = {isa = PBXBuildFile; productRef = 0485917C2B679A300004A316 /* FirebaseAnalyticsOnDeviceConversion */; };
		0485917F2B679A300004A316 /* FirebaseAnalyticsSwift in Frameworks */ = {isa = PBXBuildFile; productRef = 0485917E2B679A300004A316 /* FirebaseAnalyticsSwift */; };
		048591812B679A300004A316 /* FirebaseAnalyticsWithoutAdIdSupport in Frameworks */ = {isa = PBXBuildFile; productRef = 048591802B679A300004A316 /* FirebaseAnalyticsWithoutAdIdSupport */; };
		048591832B679A300004A316 /* FirebaseAppCheck in Frameworks */ = {isa = PBXBuildFile; productRef = 048591822B679A300004A316 /* FirebaseAppCheck */; };
		048591852B679A300004A316 /* FirebaseAppDistribution-Beta in Frameworks */ = {isa = PBXBuildFile; productRef = 048591842B679A300004A316 /* FirebaseAppDistribution-Beta */; };
		048591872B679A300004A316 /* FirebaseAuth in Frameworks */ = {isa = PBXBuildFile; productRef = 048591862B679A300004A316 /* FirebaseAuth */; };
		048591892B679A300004A316 /* FirebaseAuthCombine-Community in Frameworks */ = {isa = PBXBuildFile; productRef = 048591882B679A300004A316 /* FirebaseAuthCombine-Community */; };
		0485918B2B679A300004A316 /* FirebaseCrashlytics in Frameworks */ = {isa = PBXBuildFile; productRef = 0485918A2B679A300004A316 /* FirebaseCrashlytics */; };
		0485918D2B679A300004A316 /* FirebaseDatabase in Frameworks */ = {isa = PBXBuildFile; productRef = 0485918C2B679A300004A316 /* FirebaseDatabase */; };
		0485918F2B679A300004A316 /* FirebaseDatabaseSwift in Frameworks */ = {isa = PBXBuildFile; productRef = 0485918E2B679A300004A316 /* FirebaseDatabaseSwift */; };
		048591912B679A300004A316 /* FirebaseDynamicLinks in Frameworks */ = {isa = PBXBuildFile; productRef = 048591902B679A300004A316 /* FirebaseDynamicLinks */; };
		048591932B679A300004A316 /* FirebaseFirestore in Frameworks */ = {isa = PBXBuildFile; productRef = 048591922B679A300004A316 /* FirebaseFirestore */; };
		048591952B679A300004A316 /* FirebaseFirestoreCombine-Community in Frameworks */ = {isa = PBXBuildFile; productRef = 048591942B679A300004A316 /* FirebaseFirestoreCombine-Community */; };
		048591972B679A300004A316 /* FirebaseFirestoreSwift in Frameworks */ = {isa = PBXBuildFile; productRef = 048591962B679A300004A316 /* FirebaseFirestoreSwift */; };
		048591992B679A300004A316 /* FirebaseFunctions in Frameworks */ = {isa = PBXBuildFile; productRef = 048591982B679A300004A316 /* FirebaseFunctions */; };
		0485919B2B679A300004A316 /* FirebaseFunctionsCombine-Community in Frameworks */ = {isa = PBXBuildFile; productRef = 0485919A2B679A300004A316 /* FirebaseFunctionsCombine-Community */; };
		0485919D2B679A300004A316 /* FirebaseInAppMessaging-Beta in Frameworks */ = {isa = PBXBuildFile; productRef = 0485919C2B679A300004A316 /* FirebaseInAppMessaging-Beta */; };
		0485919F2B679A300004A316 /* FirebaseInAppMessagingSwift-Beta in Frameworks */ = {isa = PBXBuildFile; productRef = 0485919E2B679A300004A316 /* FirebaseInAppMessagingSwift-Beta */; };
		048591A12B679A300004A316 /* FirebaseInstallations in Frameworks */ = {isa = PBXBuildFile; productRef = 048591A02B679A300004A316 /* FirebaseInstallations */; };
		048591A32B679A300004A316 /* FirebaseMLModelDownloader in Frameworks */ = {isa = PBXBuildFile; productRef = 048591A22B679A300004A316 /* FirebaseMLModelDownloader */; };
		048591A52B679A300004A316 /* FirebaseMessaging in Frameworks */ = {isa = PBXBuildFile; productRef = 048591A42B679A300004A316 /* FirebaseMessaging */; };
		048591A72B679A300004A316 /* FirebasePerformance in Frameworks */ = {isa = PBXBuildFile; productRef = 048591A62B679A300004A316 /* FirebasePerformance */; };
		048591A92B679A300004A316 /* FirebaseRemoteConfig in Frameworks */ = {isa = PBXBuildFile; productRef = 048591A82B679A300004A316 /* FirebaseRemoteConfig */; };
		048591AB2B679A300004A316 /* FirebaseRemoteConfigSwift in Frameworks */ = {isa = PBXBuildFile; productRef = 048591AA2B679A300004A316 /* FirebaseRemoteConfigSwift */; };
		048591AD2B679A300004A316 /* FirebaseStorage in Frameworks */ = {isa = PBXBuildFile; productRef = 048591AC2B679A300004A316 /* FirebaseStorage */; };
		048591AF2B679A300004A316 /* FirebaseStorageCombine-Community in Frameworks */ = {isa = PBXBuildFile; productRef = 048591AE2B679A300004A316 /* FirebaseStorageCombine-Community */; };
		048E483F2B68A38A00EA539F /* cardsComponent.swift in Sources */ = {isa = PBXBuildFile; fileRef = 048E483E2B68A38A00EA539F /* cardsComponent.swift */; };
		048E48422B68A99800EA539F /* Ext+Color.swift in Sources */ = {isa = PBXBuildFile; fileRef = 048E48412B68A99800EA539F /* Ext+Color.swift */; };
		048E48452B68AB9B00EA539F /* playingScreen.swift in Sources */ = {isa = PBXBuildFile; fileRef = 048E48442B68AB9B00EA539F /* playingScreen.swift */; };
		048E48472B68AC3A00EA539F /* appBarComponent.swift in Sources */ = {isa = PBXBuildFile; fileRef = 048E48462B68AC3A00EA539F /* appBarComponent.swift */; };
		048E48492B68C07600EA539F /* playingScreenViewModel.swift in Sources */ = {isa = PBXBuildFile; fileRef = 048E48482B68C07600EA539F /* playingScreenViewModel.swift */; };
		04AAE6682B6A038F0048B294 /* homeViewModel.swift in Sources */ = {isa = PBXBuildFile; fileRef = 04AAE6672B6A038F0048B294 /* homeViewModel.swift */; };
		04AAE66B2B6A4C780048B294 /* readingListScreen.swift in Sources */ = {isa = PBXBuildFile; fileRef = 04AAE66A2B6A4C780048B294 /* readingListScreen.swift */; };
		04AAE66D2B6A50620048B294 /* listCell.swift in Sources */ = {isa = PBXBuildFile; fileRef = 04AAE66C2B6A50620048B294 /* listCell.swift */; };
		04AAE6712B6A58790048B294 /* readingScreen.swift in Sources */ = {isa = PBXBuildFile; fileRef = 04AAE6702B6A58790048B294 /* readingScreen.swift */; };
		04AAE6742B6A68350048B294 /* Data1.swift in Sources */ = {isa = PBXBuildFile; fileRef = 04AAE6722B6A68350048B294 /* Data1.swift */; };
		04AAE6752B6A68350048B294 /* Json4Swift_Base.swift in Sources */ = {isa = PBXBuildFile; fileRef = 04AAE6732B6A68350048B294 /* Json4Swift_Base.swift */; };
		04AAE6772B6A68AE0048B294 /* ReadingDataModel.swift in Sources */ = {isa = PBXBuildFile; fileRef = 04AAE6762B6A68AE0048B294 /* ReadingDataModel.swift */; };
/* End PBXBuildFile section */

/* Begin PBXFileReference section */
		043AEA162B67773A0064578D /* matching.app */ = {isa = PBXFileReference; explicitFileType = wrapper.application; includeInIndex = 0; path = matching.app; sourceTree = BUILT_PRODUCTS_DIR; };
		043AEA192B67773A0064578D /* matchingApp.swift */ = {isa = PBXFileReference; lastKnownFileType = sourcecode.swift; path = matchingApp.swift; sourceTree = "<group>"; };
		043AEA1B2B67773A0064578D /* ContentView.swift */ = {isa = PBXFileReference; lastKnownFileType = sourcecode.swift; path = ContentView.swift; sourceTree = "<group>"; };
		043AEA1D2B67773C0064578D /* Assets.xcassets */ = {isa = PBXFileReference; lastKnownFileType = folder.assetcatalog; path = Assets.xcassets; sourceTree = "<group>"; };
		043AEA202B67773C0064578D /* Preview Assets.xcassets */ = {isa = PBXFileReference; lastKnownFileType = folder.assetcatalog; path = "Preview Assets.xcassets"; sourceTree = "<group>"; };
		043AEA2D2B6777FE0064578D /* Sniglet-ExtraBold.ttf */ = {isa = PBXFileReference; lastKnownFileType = file; path = "Sniglet-ExtraBold.ttf"; sourceTree = "<group>"; };
		043AEA2E2B6777FE0064578D /* Sniglet-Regular.ttf */ = {isa = PBXFileReference; lastKnownFileType = file; path = "Sniglet-Regular.ttf"; sourceTree = "<group>"; };
		043AEA322B6778170064578D /* Info.plist */ = {isa = PBXFileReference; lastKnownFileType = text.plist; path = Info.plist; sourceTree = "<group>"; };
		043AEA332B67788D0064578D /* GoogleService-Info.plist */ = {isa = PBXFileReference; fileEncoding = 4; lastKnownFileType = text.plist.xml; path = "GoogleService-Info.plist"; sourceTree = "<group>"; };
		043AEA352B6779AD0064578D /* Ext+Font.swift */ = {isa = PBXFileReference; lastKnownFileType = sourcecode.swift; path = "Ext+Font.swift"; sourceTree = "<group>"; };
		047FBADD2B70A88E00EB5F29 /* Ext+Drag.swift */ = {isa = PBXFileReference; lastKnownFileType = sourcecode.swift; path = "Ext+Drag.swift"; sourceTree = "<group>"; };
		0485916B2B677CB00004A316 /* splashScreen.storyboard */ = {isa = PBXFileReference; lastKnownFileType = file.storyboard; path = splashScreen.storyboard; sourceTree = "<group>"; };
		0485916E2B67842D0004A316 /* HomeScreen.swift */ = {isa = PBXFileReference; lastKnownFileType = sourcecode.swift; path = HomeScreen.swift; sourceTree = "<group>"; };
		048591722B67855E0004A316 /* buttonView.swift */ = {isa = PBXFileReference; lastKnownFileType = sourcecode.swift; path = buttonView.swift; sourceTree = "<group>"; };
		048591742B6787210004A316 /* iconButton.swift */ = {isa = PBXFileReference; lastKnownFileType = sourcecode.swift; path = iconButton.swift; sourceTree = "<group>"; };
		048591772B6799BC0004A316 /* FirebaseManager.swift */ = {isa = PBXFileReference; lastKnownFileType = sourcecode.swift; path = FirebaseManager.swift; sourceTree = "<group>"; };
		048E483E2B68A38A00EA539F /* cardsComponent.swift */ = {isa = PBXFileReference; lastKnownFileType = sourcecode.swift; path = cardsComponent.swift; sourceTree = "<group>"; };
		048E48412B68A99800EA539F /* Ext+Color.swift */ = {isa = PBXFileReference; lastKnownFileType = sourcecode.swift; path = "Ext+Color.swift"; sourceTree = "<group>"; };
		048E48442B68AB9B00EA539F /* playingScreen.swift */ = {isa = PBXFileReference; lastKnownFileType = sourcecode.swift; path = playingScreen.swift; sourceTree = "<group>"; };
		048E48462B68AC3A00EA539F /* appBarComponent.swift */ = {isa = PBXFileReference; lastKnownFileType = sourcecode.swift; path = appBarComponent.swift; sourceTree = "<group>"; };
		048E48482B68C07600EA539F /* playingScreenViewModel.swift */ = {isa = PBXFileReference; lastKnownFileType = sourcecode.swift; path = playingScreenViewModel.swift; sourceTree = "<group>"; };
		04AAE6672B6A038F0048B294 /* homeViewModel.swift */ = {isa = PBXFileReference; lastKnownFileType = sourcecode.swift; path = homeViewModel.swift; sourceTree = "<group>"; };
		04AAE66A2B6A4C780048B294 /* readingListScreen.swift */ = {isa = PBXFileReference; lastKnownFileType = sourcecode.swift; path = readingListScreen.swift; sourceTree = "<group>"; };
		04AAE66C2B6A50620048B294 /* listCell.swift */ = {isa = PBXFileReference; lastKnownFileType = sourcecode.swift; path = listCell.swift; sourceTree = "<group>"; };
		04AAE6702B6A58790048B294 /* readingScreen.swift */ = {isa = PBXFileReference; lastKnownFileType = sourcecode.swift; path = readingScreen.swift; sourceTree = "<group>"; };
		04AAE6722B6A68350048B294 /* Data1.swift */ = {isa = PBXFileReference; fileEncoding = 4; lastKnownFileType = sourcecode.swift; name = Data1.swift; path = ../../../../../Downloads/codegen_65b766277bc5c/Data1.swift; sourceTree = "<group>"; };
		04AAE6732B6A68350048B294 /* Json4Swift_Base.swift */ = {isa = PBXFileReference; fileEncoding = 4; lastKnownFileType = sourcecode.swift; path = Json4Swift_Base.swift; sourceTree = "<group>"; };
		04AAE6762B6A68AE0048B294 /* ReadingDataModel.swift */ = {isa = PBXFileReference; lastKnownFileType = sourcecode.swift; path = ReadingDataModel.swift; sourceTree = "<group>"; };
/* End PBXFileReference section */

/* Begin PBXFrameworksBuildPhase section */
		043AEA132B67773A0064578D /* Frameworks */ = {
			isa = PBXFrameworksBuildPhase;
			buildActionMask = 2147483647;
			files = (
				0485918D2B679A300004A316 /* FirebaseDatabase in Frameworks */,
				0485919B2B679A300004A316 /* FirebaseFunctionsCombine-Community in Frameworks */,
				048591932B679A300004A316 /* FirebaseFirestore in Frameworks */,
				0485917F2B679A300004A316 /* FirebaseAnalyticsSwift in Frameworks */,
				0485917B2B679A300004A316 /* FirebaseAnalytics in Frameworks */,
				0485917D2B679A300004A316 /* FirebaseAnalyticsOnDeviceConversion in Frameworks */,
				048591A32B679A300004A316 /* FirebaseMLModelDownloader in Frameworks */,
				048591972B679A300004A316 /* FirebaseFirestoreSwift in Frameworks */,
				048591832B679A300004A316 /* FirebaseAppCheck in Frameworks */,
				048591812B679A300004A316 /* FirebaseAnalyticsWithoutAdIdSupport in Frameworks */,
				048591872B679A300004A316 /* FirebaseAuth in Frameworks */,
				0485918B2B679A300004A316 /* FirebaseCrashlytics in Frameworks */,
				048591AB2B679A300004A316 /* FirebaseRemoteConfigSwift in Frameworks */,
				0485919D2B679A300004A316 /* FirebaseInAppMessaging-Beta in Frameworks */,
				0485918F2B679A300004A316 /* FirebaseDatabaseSwift in Frameworks */,
				048591992B679A300004A316 /* FirebaseFunctions in Frameworks */,
				048591AF2B679A300004A316 /* FirebaseStorageCombine-Community in Frameworks */,
				048591A92B679A300004A316 /* FirebaseRemoteConfig in Frameworks */,
				048591852B679A300004A316 /* FirebaseAppDistribution-Beta in Frameworks */,
				048591892B679A300004A316 /* FirebaseAuthCombine-Community in Frameworks */,
				048591A72B679A300004A316 /* FirebasePerformance in Frameworks */,
				0485919F2B679A300004A316 /* FirebaseInAppMessagingSwift-Beta in Frameworks */,
				048591AD2B679A300004A316 /* FirebaseStorage in Frameworks */,
				048591912B679A300004A316 /* FirebaseDynamicLinks in Frameworks */,
				048591952B679A300004A316 /* FirebaseFirestoreCombine-Community in Frameworks */,
				048591A52B679A300004A316 /* FirebaseMessaging in Frameworks */,
				048591A12B679A300004A316 /* FirebaseInstallations in Frameworks */,
			);
			runOnlyForDeploymentPostprocessing = 0;
		};
/* End PBXFrameworksBuildPhase section */

/* Begin PBXGroup section */
		043AEA0D2B67773A0064578D = {
			isa = PBXGroup;
			children = (
				043AEA182B67773A0064578D /* matching */,
				043AEA172B67773A0064578D /* Products */,
			);
			sourceTree = "<group>";
		};
		043AEA172B67773A0064578D /* Products */ = {
			isa = PBXGroup;
			children = (
				043AEA162B67773A0064578D /* matching.app */,
			);
			name = Products;
			sourceTree = "<group>";
		};
		043AEA182B67773A0064578D /* matching */ = {
			isa = PBXGroup;
			children = (
				048591762B6799A70004A316 /* FirebaseManager */,
				043AEA332B67788D0064578D /* GoogleService-Info.plist */,
				043AEA322B6778170064578D /* Info.plist */,
				043AEA272B6777470064578D /* App */,
				043AEA282B67774B0064578D /* Assets */,
				043AEA292B6777510064578D /* Helper */,
				043AEA2C2B67775E0064578D /* Model */,
				043AEA1F2B67773C0064578D /* Preview Content */,
				043AEA2A2B6777540064578D /* View */,
				043AEA2B2B6777570064578D /* ViewModel */,
			);
			path = matching;
			sourceTree = "<group>";
		};
		043AEA1F2B67773C0064578D /* Preview Content */ = {
			isa = PBXGroup;
			children = (
				043AEA202B67773C0064578D /* Preview Assets.xcassets */,
			);
			path = "Preview Content";
			sourceTree = "<group>";
		};
		043AEA272B6777470064578D /* App */ = {
			isa = PBXGroup;
			children = (
				043AEA192B67773A0064578D /* matchingApp.swift */,
			);
			path = App;
			sourceTree = "<group>";
		};
		043AEA282B67774B0064578D /* Assets */ = {
			isa = PBXGroup;
			children = (
				043AEA312B6778020064578D /* Fonts */,
				043AEA1D2B67773C0064578D /* Assets.xcassets */,
			);
			path = Assets;
			sourceTree = "<group>";
		};
		043AEA292B6777510064578D /* Helper */ = {
			isa = PBXGroup;
			children = (
				048E48402B68A98800EA539F /* Ext */,
				048591702B6785480004A316 /* components */,
				043AEA352B6779AD0064578D /* Ext+Font.swift */,
			);
			path = Helper;
			sourceTree = "<group>";
		};
		043AEA2A2B6777540064578D /* View */ = {
			isa = PBXGroup;
			children = (
				0485916D2B67841D0004A316 /* Screens */,
				043AEA1B2B67773A0064578D /* ContentView.swift */,
				0485916B2B677CB00004A316 /* splashScreen.storyboard */,
			);
			path = View;
			sourceTree = "<group>";
		};
		043AEA2B2B6777570064578D /* ViewModel */ = {
			isa = PBXGroup;
			children = (
				048E48482B68C07600EA539F /* playingScreenViewModel.swift */,
				04AAE6672B6A038F0048B294 /* homeViewModel.swift */,
			);
			path = ViewModel;
			sourceTree = "<group>";
		};
		043AEA2C2B67775E0064578D /* Model */ = {
			isa = PBXGroup;
			children = (
				04AAE6722B6A68350048B294 /* Data1.swift */,
				04AAE6732B6A68350048B294 /* Json4Swift_Base.swift */,
				04AAE6762B6A68AE0048B294 /* ReadingDataModel.swift */,
			);
			path = Model;
			sourceTree = "<group>";
		};
		043AEA312B6778020064578D /* Fonts */ = {
			isa = PBXGroup;
			children = (
				043AEA2D2B6777FE0064578D /* Sniglet-ExtraBold.ttf */,
				043AEA2E2B6777FE0064578D /* Sniglet-Regular.ttf */,
			);
			path = Fonts;
			sourceTree = "<group>";
		};
		0485916D2B67841D0004A316 /* Screens */ = {
			isa = PBXGroup;
			children = (
				0485916E2B67842D0004A316 /* HomeScreen.swift */,
				048E48442B68AB9B00EA539F /* playingScreen.swift */,
				04AAE66A2B6A4C780048B294 /* readingListScreen.swift */,
				04AAE6702B6A58790048B294 /* readingScreen.swift */,
			);
			path = Screens;
			sourceTree = "<group>";
		};
		048591702B6785480004A316 /* components */ = {
			isa = PBXGroup;
			children = (
				048591722B67855E0004A316 /* buttonView.swift */,
				048591742B6787210004A316 /* iconButton.swift */,
				048E483E2B68A38A00EA539F /* cardsComponent.swift */,
				048E48462B68AC3A00EA539F /* appBarComponent.swift */,
				04AAE66C2B6A50620048B294 /* listCell.swift */,
			);
			path = components;
			sourceTree = "<group>";
		};
		048591762B6799A70004A316 /* FirebaseManager */ = {
			isa = PBXGroup;
			children = (
				048591772B6799BC0004A316 /* FirebaseManager.swift */,
			);
			path = FirebaseManager;
			sourceTree = "<group>";
		};
		048E48402B68A98800EA539F /* Ext */ = {
			isa = PBXGroup;
			children = (
				048E48412B68A99800EA539F /* Ext+Color.swift */,
				047FBADD2B70A88E00EB5F29 /* Ext+Drag.swift */,
			);
			path = Ext;
			sourceTree = "<group>";
		};
/* End PBXGroup section */

/* Begin PBXNativeTarget section */
		043AEA152B67773A0064578D /* matching */ = {
			isa = PBXNativeTarget;
			buildConfigurationList = 043AEA242B67773C0064578D /* Build configuration list for PBXNativeTarget "matching" */;
			buildPhases = (
				043AEA122B67773A0064578D /* Sources */,
				043AEA132B67773A0064578D /* Frameworks */,
				043AEA142B67773A0064578D /* Resources */,
			);
			buildRules = (
			);
			dependencies = (
			);
			name = matching;
			packageProductDependencies = (
				0485917A2B679A300004A316 /* FirebaseAnalytics */,
				0485917C2B679A300004A316 /* FirebaseAnalyticsOnDeviceConversion */,
				0485917E2B679A300004A316 /* FirebaseAnalyticsSwift */,
				048591802B679A300004A316 /* FirebaseAnalyticsWithoutAdIdSupport */,
				048591822B679A300004A316 /* FirebaseAppCheck */,
				048591842B679A300004A316 /* FirebaseAppDistribution-Beta */,
				048591862B679A300004A316 /* FirebaseAuth */,
				048591882B679A300004A316 /* FirebaseAuthCombine-Community */,
				0485918A2B679A300004A316 /* FirebaseCrashlytics */,
				0485918C2B679A300004A316 /* FirebaseDatabase */,
				0485918E2B679A300004A316 /* FirebaseDatabaseSwift */,
				048591902B679A300004A316 /* FirebaseDynamicLinks */,
				048591922B679A300004A316 /* FirebaseFirestore */,
				048591942B679A300004A316 /* FirebaseFirestoreCombine-Community */,
				048591962B679A300004A316 /* FirebaseFirestoreSwift */,
				048591982B679A300004A316 /* FirebaseFunctions */,
				0485919A2B679A300004A316 /* FirebaseFunctionsCombine-Community */,
				0485919C2B679A300004A316 /* FirebaseInAppMessaging-Beta */,
				0485919E2B679A300004A316 /* FirebaseInAppMessagingSwift-Beta */,
				048591A02B679A300004A316 /* FirebaseInstallations */,
				048591A22B679A300004A316 /* FirebaseMLModelDownloader */,
				048591A42B679A300004A316 /* FirebaseMessaging */,
				048591A62B679A300004A316 /* FirebasePerformance */,
				048591A82B679A300004A316 /* FirebaseRemoteConfig */,
				048591AA2B679A300004A316 /* FirebaseRemoteConfigSwift */,
				048591AC2B679A300004A316 /* FirebaseStorage */,
				048591AE2B679A300004A316 /* FirebaseStorageCombine-Community */,
			);
			productName = matching;
			productReference = 043AEA162B67773A0064578D /* matching.app */;
			productType = "com.apple.product-type.application";
		};
/* End PBXNativeTarget section */

/* Begin PBXProject section */
		043AEA0E2B67773A0064578D /* Project object */ = {
			isa = PBXProject;
			attributes = {
				BuildIndependentTargetsInParallel = 1;
				LastSwiftUpdateCheck = 1520;
				LastUpgradeCheck = 1520;
				TargetAttributes = {
					043AEA152B67773A0064578D = {
						CreatedOnToolsVersion = 15.2;
					};
				};
			};
			buildConfigurationList = 043AEA112B67773A0064578D /* Build configuration list for PBXProject "matching" */;
			compatibilityVersion = "Xcode 14.0";
			developmentRegion = en;
			hasScannedForEncodings = 0;
			knownRegions = (
				en,
				Base,
			);
			mainGroup = 043AEA0D2B67773A0064578D;
			packageReferences = (
				048591792B679A300004A316 /* XCRemoteSwiftPackageReference "firebase-ios-sdk" */,
			);
			productRefGroup = 043AEA172B67773A0064578D /* Products */;
			projectDirPath = "";
			projectRoot = "";
			targets = (
				043AEA152B67773A0064578D /* matching */,
			);
		};
/* End PBXProject section */

/* Begin PBXResourcesBuildPhase section */
		043AEA142B67773A0064578D /* Resources */ = {
			isa = PBXResourcesBuildPhase;
			buildActionMask = 2147483647;
			files = (
				043AEA302B6777FE0064578D /* Sniglet-Regular.ttf in Resources */,
				043AEA212B67773C0064578D /* Preview Assets.xcassets in Resources */,
				043AEA342B67788D0064578D /* GoogleService-Info.plist in Resources */,
				043AEA2F2B6777FE0064578D /* Sniglet-ExtraBold.ttf in Resources */,
				043AEA1E2B67773C0064578D /* Assets.xcassets in Resources */,
				0485916C2B677CB00004A316 /* splashScreen.storyboard in Resources */,
			);
			runOnlyForDeploymentPostprocessing = 0;
		};
/* End PBXResourcesBuildPhase section */

/* Begin PBXSourcesBuildPhase section */
		043AEA122B67773A0064578D /* Sources */ = {
			isa = PBXSourcesBuildPhase;
			buildActionMask = 2147483647;
			files = (
				048E483F2B68A38A00EA539F /* cardsComponent.swift in Sources */,
				04AAE66B2B6A4C780048B294 /* readingListScreen.swift in Sources */,
				04AAE6682B6A038F0048B294 /* homeViewModel.swift in Sources */,
				04AAE6752B6A68350048B294 /* Json4Swift_Base.swift in Sources */,
				04AAE66D2B6A50620048B294 /* listCell.swift in Sources */,
				0485916F2B67842D0004A316 /* HomeScreen.swift in Sources */,
				048E48492B68C07600EA539F /* playingScreenViewModel.swift in Sources */,
				048E48452B68AB9B00EA539F /* playingScreen.swift in Sources */,
				043AEA1C2B67773A0064578D /* ContentView.swift in Sources */,
				048591782B6799BC0004A316 /* FirebaseManager.swift in Sources */,
				048591732B67855E0004A316 /* buttonView.swift in Sources */,
				047FBADE2B70A88E00EB5F29 /* Ext+Drag.swift in Sources */,
				04AAE6742B6A68350048B294 /* Data1.swift in Sources */,
				048E48472B68AC3A00EA539F /* appBarComponent.swift in Sources */,
				043AEA362B6779AD0064578D /* Ext+Font.swift in Sources */,
				048E48422B68A99800EA539F /* Ext+Color.swift in Sources */,
				048591752B6787210004A316 /* iconButton.swift in Sources */,
				043AEA1A2B67773A0064578D /* matchingApp.swift in Sources */,
				04AAE6772B6A68AE0048B294 /* ReadingDataModel.swift in Sources */,
				04AAE6712B6A58790048B294 /* readingScreen.swift in Sources */,
			);
			runOnlyForDeploymentPostprocessing = 0;
		};
/* End PBXSourcesBuildPhase section */

/* Begin XCBuildConfiguration section */
		043AEA222B67773C0064578D /* Debug */ = {
			isa = XCBuildConfiguration;
			buildSettings = {
				ALWAYS_SEARCH_USER_PATHS = NO;
				ASSETCATALOG_COMPILER_GENERATE_SWIFT_ASSET_SYMBOL_EXTENSIONS = YES;
				CLANG_ANALYZER_NONNULL = YES;
				CLANG_ANALYZER_NUMBER_OBJECT_CONVERSION = YES_AGGRESSIVE;
				CLANG_CXX_LANGUAGE_STANDARD = "gnu++20";
				CLANG_ENABLE_MODULES = YES;
				CLANG_ENABLE_OBJC_ARC = YES;
				CLANG_ENABLE_OBJC_WEAK = YES;
				CLANG_WARN_BLOCK_CAPTURE_AUTORELEASING = YES;
				CLANG_WARN_BOOL_CONVERSION = YES;
				CLANG_WARN_COMMA = YES;
				CLANG_WARN_CONSTANT_CONVERSION = YES;
				CLANG_WARN_DEPRECATED_OBJC_IMPLEMENTATIONS = YES;
				CLANG_WARN_DIRECT_OBJC_ISA_USAGE = YES_ERROR;
				CLANG_WARN_DOCUMENTATION_COMMENTS = YES;
				CLANG_WARN_EMPTY_BODY = YES;
				CLANG_WARN_ENUM_CONVERSION = YES;
				CLANG_WARN_INFINITE_RECURSION = YES;
				CLANG_WARN_INT_CONVERSION = YES;
				CLANG_WARN_NON_LITERAL_NULL_CONVERSION = YES;
				CLANG_WARN_OBJC_IMPLICIT_RETAIN_SELF = YES;
				CLANG_WARN_OBJC_LITERAL_CONVERSION = YES;
				CLANG_WARN_OBJC_ROOT_CLASS = YES_ERROR;
				CLANG_WARN_QUOTED_INCLUDE_IN_FRAMEWORK_HEADER = YES;
				CLANG_WARN_RANGE_LOOP_ANALYSIS = YES;
				CLANG_WARN_STRICT_PROTOTYPES = YES;
				CLANG_WARN_SUSPICIOUS_MOVE = YES;
				CLANG_WARN_UNGUARDED_AVAILABILITY = YES_AGGRESSIVE;
				CLANG_WARN_UNREACHABLE_CODE = YES;
				CLANG_WARN__DUPLICATE_METHOD_MATCH = YES;
				COPY_PHASE_STRIP = NO;
				DEBUG_INFORMATION_FORMAT = dwarf;
				ENABLE_STRICT_OBJC_MSGSEND = YES;
				ENABLE_TESTABILITY = YES;
				ENABLE_USER_SCRIPT_SANDBOXING = YES;
				GCC_C_LANGUAGE_STANDARD = gnu17;
				GCC_DYNAMIC_NO_PIC = NO;
				GCC_NO_COMMON_BLOCKS = YES;
				GCC_OPTIMIZATION_LEVEL = 0;
				GCC_PREPROCESSOR_DEFINITIONS = (
					"DEBUG=1",
					"$(inherited)",
				);
				GCC_WARN_64_TO_32_BIT_CONVERSION = YES;
				GCC_WARN_ABOUT_RETURN_TYPE = YES_ERROR;
				GCC_WARN_UNDECLARED_SELECTOR = YES;
				GCC_WARN_UNINITIALIZED_AUTOS = YES_AGGRESSIVE;
				GCC_WARN_UNUSED_FUNCTION = YES;
				GCC_WARN_UNUSED_VARIABLE = YES;
				IPHONEOS_DEPLOYMENT_TARGET = 17.2;
				LOCALIZATION_PREFERS_STRING_CATALOGS = YES;
				MTL_ENABLE_DEBUG_INFO = INCLUDE_SOURCE;
				MTL_FAST_MATH = YES;
				ONLY_ACTIVE_ARCH = YES;
				SDKROOT = iphoneos;
				SWIFT_ACTIVE_COMPILATION_CONDITIONS = "DEBUG $(inherited)";
				SWIFT_OPTIMIZATION_LEVEL = "-Onone";
			};
			name = Debug;
		};
		043AEA232B67773C0064578D /* Release */ = {
			isa = XCBuildConfiguration;
			buildSettings = {
				ALWAYS_SEARCH_USER_PATHS = NO;
				ASSETCATALOG_COMPILER_GENERATE_SWIFT_ASSET_SYMBOL_EXTENSIONS = YES;
				CLANG_ANALYZER_NONNULL = YES;
				CLANG_ANALYZER_NUMBER_OBJECT_CONVERSION = YES_AGGRESSIVE;
				CLANG_CXX_LANGUAGE_STANDARD = "gnu++20";
				CLANG_ENABLE_MODULES = YES;
				CLANG_ENABLE_OBJC_ARC = YES;
				CLANG_ENABLE_OBJC_WEAK = YES;
				CLANG_WARN_BLOCK_CAPTURE_AUTORELEASING = YES;
				CLANG_WARN_BOOL_CONVERSION = YES;
				CLANG_WARN_COMMA = YES;
				CLANG_WARN_CONSTANT_CONVERSION = YES;
				CLANG_WARN_DEPRECATED_OBJC_IMPLEMENTATIONS = YES;
				CLANG_WARN_DIRECT_OBJC_ISA_USAGE = YES_ERROR;
				CLANG_WARN_DOCUMENTATION_COMMENTS = YES;
				CLANG_WARN_EMPTY_BODY = YES;
				CLANG_WARN_ENUM_CONVERSION = YES;
				CLANG_WARN_INFINITE_RECURSION = YES;
				CLANG_WARN_INT_CONVERSION = YES;
				CLANG_WARN_NON_LITERAL_NULL_CONVERSION = YES;
				CLANG_WARN_OBJC_IMPLICIT_RETAIN_SELF = YES;
				CLANG_WARN_OBJC_LITERAL_CONVERSION = YES;
				CLANG_WARN_OBJC_ROOT_CLASS = YES_ERROR;
				CLANG_WARN_QUOTED_INCLUDE_IN_FRAMEWORK_HEADER = YES;
				CLANG_WARN_RANGE_LOOP_ANALYSIS = YES;
				CLANG_WARN_STRICT_PROTOTYPES = YES;
				CLANG_WARN_SUSPICIOUS_MOVE = YES;
				CLANG_WARN_UNGUARDED_AVAILABILITY = YES_AGGRESSIVE;
				CLANG_WARN_UNREACHABLE_CODE = YES;
				CLANG_WARN__DUPLICATE_METHOD_MATCH = YES;
				COPY_PHASE_STRIP = NO;
				DEBUG_INFORMATION_FORMAT = "dwarf-with-dsym";
				ENABLE_NS_ASSERTIONS = NO;
				ENABLE_STRICT_OBJC_MSGSEND = YES;
				ENABLE_USER_SCRIPT_SANDBOXING = YES;
				GCC_C_LANGUAGE_STANDARD = gnu17;
				GCC_NO_COMMON_BLOCKS = YES;
				GCC_WARN_64_TO_32_BIT_CONVERSION = YES;
				GCC_WARN_ABOUT_RETURN_TYPE = YES_ERROR;
				GCC_WARN_UNDECLARED_SELECTOR = YES;
				GCC_WARN_UNINITIALIZED_AUTOS = YES_AGGRESSIVE;
				GCC_WARN_UNUSED_FUNCTION = YES;
				GCC_WARN_UNUSED_VARIABLE = YES;
				IPHONEOS_DEPLOYMENT_TARGET = 17.2;
				LOCALIZATION_PREFERS_STRING_CATALOGS = YES;
				MTL_ENABLE_DEBUG_INFO = NO;
				MTL_FAST_MATH = YES;
				SDKROOT = iphoneos;
				SWIFT_COMPILATION_MODE = wholemodule;
				VALIDATE_PRODUCT = YES;
			};
			name = Release;
		};
		043AEA252B67773C0064578D /* Debug */ = {
			isa = XCBuildConfiguration;
			buildSettings = {
				ASSETCATALOG_COMPILER_APPICON_NAME = AppIcon;
				ASSETCATALOG_COMPILER_GLOBAL_ACCENT_COLOR_NAME = AccentColor;
				CODE_SIGN_STYLE = Automatic;
				CURRENT_PROJECT_VERSION = 1;
				DEVELOPMENT_ASSET_PATHS = "\"matching/Preview Content\"";
				ENABLE_PREVIEWS = YES;
				GENERATE_INFOPLIST_FILE = YES;
				INFOPLIST_FILE = matching/Info.plist;
				INFOPLIST_KEY_UIApplicationSceneManifest_Generation = YES;
				INFOPLIST_KEY_UIApplicationSupportsIndirectInputEvents = YES;
				INFOPLIST_KEY_UILaunchScreen_Generation = YES;
				INFOPLIST_KEY_UILaunchStoryboardName = splashScreen.storyboard;
				INFOPLIST_KEY_UISupportedInterfaceOrientations_iPad = "UIInterfaceOrientationPortrait UIInterfaceOrientationPortraitUpsideDown UIInterfaceOrientationLandscapeLeft UIInterfaceOrientationLandscapeRight";
				INFOPLIST_KEY_UISupportedInterfaceOrientations_iPhone = "UIInterfaceOrientationPortrait UIInterfaceOrientationLandscapeLeft UIInterfaceOrientationLandscapeRight";
				LD_RUNPATH_SEARCH_PATHS = (
					"$(inherited)",
					"@executable_path/Frameworks",
				);
				MARKETING_VERSION = 1.0;
				PRODUCT_BUNDLE_IDENTIFIER = com.hashmob.matching.matching;
				PRODUCT_NAME = "$(TARGET_NAME)";
				SWIFT_EMIT_LOC_STRINGS = YES;
				SWIFT_VERSION = 5.0;
				TARGETED_DEVICE_FAMILY = "1,2";
			};
			name = Debug;
		};
		043AEA262B67773C0064578D /* Release */ = {
			isa = XCBuildConfiguration;
			buildSettings = {
				ASSETCATALOG_COMPILER_APPICON_NAME = AppIcon;
				ASSETCATALOG_COMPILER_GLOBAL_ACCENT_COLOR_NAME = AccentColor;
				CODE_SIGN_STYLE = Automatic;
				CURRENT_PROJECT_VERSION = 1;
				DEVELOPMENT_ASSET_PATHS = "\"matching/Preview Content\"";
				ENABLE_PREVIEWS = YES;
				GENERATE_INFOPLIST_FILE = YES;
				INFOPLIST_FILE = matching/Info.plist;
				INFOPLIST_KEY_UIApplicationSceneManifest_Generation = YES;
				INFOPLIST_KEY_UIApplicationSupportsIndirectInputEvents = YES;
				INFOPLIST_KEY_UILaunchScreen_Generation = YES;
				INFOPLIST_KEY_UILaunchStoryboardName = splashScreen.storyboard;
				INFOPLIST_KEY_UISupportedInterfaceOrientations_iPad = "UIInterfaceOrientationPortrait UIInterfaceOrientationPortraitUpsideDown UIInterfaceOrientationLandscapeLeft UIInterfaceOrientationLandscapeRight";
				INFOPLIST_KEY_UISupportedInterfaceOrientations_iPhone = "UIInterfaceOrientationPortrait UIInterfaceOrientationLandscapeLeft UIInterfaceOrientationLandscapeRight";
				LD_RUNPATH_SEARCH_PATHS = (
					"$(inherited)",
					"@executable_path/Frameworks",
				);
				MARKETING_VERSION = 1.0;
				PRODUCT_BUNDLE_IDENTIFIER = com.hashmob.matching.matching;
				PRODUCT_NAME = "$(TARGET_NAME)";
				SWIFT_EMIT_LOC_STRINGS = YES;
				SWIFT_VERSION = 5.0;
				TARGETED_DEVICE_FAMILY = "1,2";
			};
			name = Release;
		};
/* End XCBuildConfiguration section */

/* Begin XCConfigurationList section */
		043AEA112B67773A0064578D /* Build configuration list for PBXProject "matching" */ = {
			isa = XCConfigurationList;
			buildConfigurations = (
				043AEA222B67773C0064578D /* Debug */,
				043AEA232B67773C0064578D /* Release */,
			);
			defaultConfigurationIsVisible = 0;
			defaultConfigurationName = Release;
		};
		043AEA242B67773C0064578D /* Build configuration list for PBXNativeTarget "matching" */ = {
			isa = XCConfigurationList;
			buildConfigurations = (
				043AEA252B67773C0064578D /* Debug */,
				043AEA262B67773C0064578D /* Release */,
			);
			defaultConfigurationIsVisible = 0;
			defaultConfigurationName = Release;
		};
/* End XCConfigurationList section */

/* Begin XCRemoteSwiftPackageReference section */
		048591792B679A300004A316 /* XCRemoteSwiftPackageReference "firebase-ios-sdk" */ = {
			isa = XCRemoteSwiftPackageReference;
			repositoryURL = "https://github.com/firebase/firebase-ios-sdk";
			requirement = {
				kind = upToNextMajorVersion;
				minimumVersion = 10.20.0;
			};
		};
/* End XCRemoteSwiftPackageReference section */

/* Begin XCSwiftPackageProductDependency section */
		0485917A2B679A300004A316 /* FirebaseAnalytics */ = {
			isa = XCSwiftPackageProductDependency;
			package = 048591792B679A300004A316 /* XCRemoteSwiftPackageReference "firebase-ios-sdk" */;
			productName = FirebaseAnalytics;
		};
		0485917C2B679A300004A316 /* FirebaseAnalyticsOnDeviceConversion */ = {
			isa = XCSwiftPackageProductDependency;
			package = 048591792B679A300004A316 /* XCRemoteSwiftPackageReference "firebase-ios-sdk" */;
			productName = FirebaseAnalyticsOnDeviceConversion;
		};
		0485917E2B679A300004A316 /* FirebaseAnalyticsSwift */ = {
			isa = XCSwiftPackageProductDependency;
			package = 048591792B679A300004A316 /* XCRemoteSwiftPackageReference "firebase-ios-sdk" */;
			productName = FirebaseAnalyticsSwift;
		};
		048591802B679A300004A316 /* FirebaseAnalyticsWithoutAdIdSupport */ = {
			isa = XCSwiftPackageProductDependency;
			package = 048591792B679A300004A316 /* XCRemoteSwiftPackageReference "firebase-ios-sdk" */;
			productName = FirebaseAnalyticsWithoutAdIdSupport;
		};
		048591822B679A300004A316 /* FirebaseAppCheck */ = {
			isa = XCSwiftPackageProductDependency;
			package = 048591792B679A300004A316 /* XCRemoteSwiftPackageReference "firebase-ios-sdk" */;
			productName = FirebaseAppCheck;
		};
		048591842B679A300004A316 /* FirebaseAppDistribution-Beta */ = {
			isa = XCSwiftPackageProductDependency;
			package = 048591792B679A300004A316 /* XCRemoteSwiftPackageReference "firebase-ios-sdk" */;
			productName = "FirebaseAppDistribution-Beta";
		};
		048591862B679A300004A316 /* FirebaseAuth */ = {
			isa = XCSwiftPackageProductDependency;
			package = 048591792B679A300004A316 /* XCRemoteSwiftPackageReference "firebase-ios-sdk" */;
			productName = FirebaseAuth;
		};
		048591882B679A300004A316 /* FirebaseAuthCombine-Community */ = {
			isa = XCSwiftPackageProductDependency;
			package = 048591792B679A300004A316 /* XCRemoteSwiftPackageReference "firebase-ios-sdk" */;
			productName = "FirebaseAuthCombine-Community";
		};
		0485918A2B679A300004A316 /* FirebaseCrashlytics */ = {
			isa = XCSwiftPackageProductDependency;
			package = 048591792B679A300004A316 /* XCRemoteSwiftPackageReference "firebase-ios-sdk" */;
			productName = FirebaseCrashlytics;
		};
		0485918C2B679A300004A316 /* FirebaseDatabase */ = {
			isa = XCSwiftPackageProductDependency;
			package = 048591792B679A300004A316 /* XCRemoteSwiftPackageReference "firebase-ios-sdk" */;
			productName = FirebaseDatabase;
		};
		0485918E2B679A300004A316 /* FirebaseDatabaseSwift */ = {
			isa = XCSwiftPackageProductDependency;
			package = 048591792B679A300004A316 /* XCRemoteSwiftPackageReference "firebase-ios-sdk" */;
			productName = FirebaseDatabaseSwift;
		};
		048591902B679A300004A316 /* FirebaseDynamicLinks */ = {
			isa = XCSwiftPackageProductDependency;
			package = 048591792B679A300004A316 /* XCRemoteSwiftPackageReference "firebase-ios-sdk" */;
			productName = FirebaseDynamicLinks;
		};
		048591922B679A300004A316 /* FirebaseFirestore */ = {
			isa = XCSwiftPackageProductDependency;
			package = 048591792B679A300004A316 /* XCRemoteSwiftPackageReference "firebase-ios-sdk" */;
			productName = FirebaseFirestore;
		};
		048591942B679A300004A316 /* FirebaseFirestoreCombine-Community */ = {
			isa = XCSwiftPackageProductDependency;
			package = 048591792B679A300004A316 /* XCRemoteSwiftPackageReference "firebase-ios-sdk" */;
			productName = "FirebaseFirestoreCombine-Community";
		};
		048591962B679A300004A316 /* FirebaseFirestoreSwift */ = {
			isa = XCSwiftPackageProductDependency;
			package = 048591792B679A300004A316 /* XCRemoteSwiftPackageReference "firebase-ios-sdk" */;
			productName = FirebaseFirestoreSwift;
		};
		048591982B679A300004A316 /* FirebaseFunctions */ = {
			isa = XCSwiftPackageProductDependency;
			package = 048591792B679A300004A316 /* XCRemoteSwiftPackageReference "firebase-ios-sdk" */;
			productName = FirebaseFunctions;
		};
		0485919A2B679A300004A316 /* FirebaseFunctionsCombine-Community */ = {
			isa = XCSwiftPackageProductDependency;
			package = 048591792B679A300004A316 /* XCRemoteSwiftPackageReference "firebase-ios-sdk" */;
			productName = "FirebaseFunctionsCombine-Community";
		};
		0485919C2B679A300004A316 /* FirebaseInAppMessaging-Beta */ = {
			isa = XCSwiftPackageProductDependency;
			package = 048591792B679A300004A316 /* XCRemoteSwiftPackageReference "firebase-ios-sdk" */;
			productName = "FirebaseInAppMessaging-Beta";
		};
		0485919E2B679A300004A316 /* FirebaseInAppMessagingSwift-Beta */ = {
			isa = XCSwiftPackageProductDependency;
			package = 048591792B679A300004A316 /* XCRemoteSwiftPackageReference "firebase-ios-sdk" */;
			productName = "FirebaseInAppMessagingSwift-Beta";
		};
		048591A02B679A300004A316 /* FirebaseInstallations */ = {
			isa = XCSwiftPackageProductDependency;
			package = 048591792B679A300004A316 /* XCRemoteSwiftPackageReference "firebase-ios-sdk" */;
			productName = FirebaseInstallations;
		};
		048591A22B679A300004A316 /* FirebaseMLModelDownloader */ = {
			isa = XCSwiftPackageProductDependency;
			package = 048591792B679A300004A316 /* XCRemoteSwiftPackageReference "firebase-ios-sdk" */;
			productName = FirebaseMLModelDownloader;
		};
		048591A42B679A300004A316 /* FirebaseMessaging */ = {
			isa = XCSwiftPackageProductDependency;
			package = 048591792B679A300004A316 /* XCRemoteSwiftPackageReference "firebase-ios-sdk" */;
			productName = FirebaseMessaging;
		};
		048591A62B679A300004A316 /* FirebasePerformance */ = {
			isa = XCSwiftPackageProductDependency;
			package = 048591792B679A300004A316 /* XCRemoteSwiftPackageReference "firebase-ios-sdk" */;
			productName = FirebasePerformance;
		};
		048591A82B679A300004A316 /* FirebaseRemoteConfig */ = {
			isa = XCSwiftPackageProductDependency;
			package = 048591792B679A300004A316 /* XCRemoteSwiftPackageReference "firebase-ios-sdk" */;
			productName = FirebaseRemoteConfig;
		};
		048591AA2B679A300004A316 /* FirebaseRemoteConfigSwift */ = {
			isa = XCSwiftPackageProductDependency;
			package = 048591792B679A300004A316 /* XCRemoteSwiftPackageReference "firebase-ios-sdk" */;
			productName = FirebaseRemoteConfigSwift;
		};
		048591AC2B679A300004A316 /* FirebaseStorage */ = {
			isa = XCSwiftPackageProductDependency;
			package = 048591792B679A300004A316 /* XCRemoteSwiftPackageReference "firebase-ios-sdk" */;
			productName = FirebaseStorage;
		};
		048591AE2B679A300004A316 /* FirebaseStorageCombine-Community */ = {
			isa = XCSwiftPackageProductDependency;
			package = 048591792B679A300004A316 /* XCRemoteSwiftPackageReference "firebase-ios-sdk" */;
			productName = "FirebaseStorageCombine-Community";
		};
/* End XCSwiftPackageProductDependency section */
	};
	rootObject = 043AEA0E2B67773A0064578D /* Project object */;
}
